<?xml version="1.0" encoding="utf-8"?>
<Project ToolsVersion="4.0" xmlns="http://schemas.microsoft.com/developer/msbuild/2003">
  <ItemGroup>
    <Filter Include="Source Files">
      <UniqueIdentifier>{4FC737F1-C7A5-4376-A066-2A32D752A2FF}</UniqueIdentifier>
      <Extensions>cpp;c;cc;cxx;def;odl;idl;hpj;bat;asm;asmx</Extensions>
    </Filter>
    <Filter Include="Header Files">
      <UniqueIdentifier>{93995380-89BD-4b04-88EB-625FBE52EBFB}</UniqueIdentifier>
      <Extensions>h;hh;hpp;hxx;hm;inl;inc;xsd</Extensions>
    </Filter>
    <Filter Include="Resource Files">
      <UniqueIdentifier>{67DA6AB6-F800-4c08-8B7A-83BB121AAD01}</UniqueIdentifier>
      <Extensions>rc;ico;cur;bmp;dlg;rc2;rct;bin;rgs;gif;jpg;jpeg;jpe;resx;tiff;tif;png;wav;mfcribbon-ms</Extensions>
    </Filter>
    <Filter Include="Form Files">
      <UniqueIdentifier>{99349809-55BA-4b9d-BF79-8FDBB0286EB3}</UniqueIdentifier>
      <Extensions>ui</Extensions>
    </Filter>
    <Filter Include="Resource Files">
      <UniqueIdentifier>{D9D6E242-F8AF-46E4-B9FD-80ECBC20BA3E}</UniqueIdentifier>
      <Extensions>qrc;*</Extensions>
      <ParseFiles>false</ParseFiles>
    </Filter>
  </ItemGroup>
  <ItemGroup>
    <QtRcc Include="QtAlgoritmAnalis.qrc">
      <Filter>Resource Files</Filter>
    </QtRcc>
    <QtUic Include="QtAlgoritmAnalis.ui">
      <Filter>Resource Files</Filter>
    </QtUic>
    <QtMoc Include="QtAlgoritmAnalis.h">
      <Filter>Header Files</Filter>
    </QtMoc>
    <ClCompile Include="QtAlgoritmAnalis.cpp">
      <Filter>Source Files</Filter>
    </ClCompile>
  </ItemGroup>
  <ItemGroup>
    <ClCompile Include="main.cpp">
      <Filter>Source Files</Filter>
    </ClCompile>
    <ClCompile Include="Cel.cpp">
      <Filter>Source Files</Filter>
    </ClCompile>
    <ClCompile Include="Charactristic.cpp">
      <Filter>Source Files</Filter>
    </ClCompile>
    <ClCompile Include="Form.cpp">
      <Filter>Source Files</Filter>
    </ClCompile>
    <ClCompile Include="funk.cpp">
      <Filter>Source Files</Filter>
    </ClCompile>
    <ClCompile Include="LocalGisDet.cpp">
      <Filter>Source Files</Filter>
    </ClCompile>
    <ClCompile Include="Oblast.cpp">
      <Filter>Source Files</Filter>
    </ClCompile>
    <ClCompile Include="SubtractBacground.cpp">
      <Filter>Source Files</Filter>
    </ClCompile>
    <ClCompile Include="TempDetect.cpp">
      <Filter>Source Files</Filter>
    </ClCompile>
    <ClCompile Include="Vevlet_obnoruth.cpp">
      <Filter>Source Files</Filter>
    </ClCompile>
    <ClCompile Include="QtGUIVideoGenerate.cpp">
      <Filter>Source Files</Filter>
    </ClCompile>
    <ClCompile Include="VideoGenerate_v1_1.cpp">
      <Filter>Source Files</Filter>
    </ClCompile>
    <ClCompile Include="QtGuiDisplay.cpp">
      <Filter>Source Files</Filter>
    </ClCompile>
    <ClCompile Include="ProcessedObj.cpp">
      <Filter>Source Files</Filter>
    </ClCompile>
    <ClCompile Include="QtRotateRect.cpp">
      <Filter>Source Files</Filter>
    </ClCompile>
    <ClCompile Include="myLabel.cpp">
      <Filter>Source Files</Filter>
    </ClCompile>
    <ClCompile Include="QtProcessedArea.cpp">
      <Filter>Source Files</Filter>
    </ClCompile>
    <ClCompile Include="Analis.cpp">
      <Filter>Source Files</Filter>
    </ClCompile>
  </ItemGroup>
  <ItemGroup>
    <ClInclude Include="Cel.h">
      <Filter>Header Files</Filter>
    </ClInclude>
    <ClInclude Include="Charactristic.h">
      <Filter>Header Files</Filter>
    </ClInclude>
    <ClInclude Include="funk.h">
      <Filter>Header Files</Filter>
    </ClInclude>
    <ClInclude Include="LocalGisDet.h">
      <Filter>Header Files</Filter>
    </ClInclude>
    <ClInclude Include="Oblast.h">
      <Filter>Header Files</Filter>
    </ClInclude>
    <ClInclude Include="SubtractBacground.h">
      <Filter>Header Files</Filter>
    </ClInclude>
    <ClInclude Include="TempDetect.h">
      <Filter>Header Files</Filter>
    </ClInclude>
    <ClInclude Include="Vevlet_obnoruth.h">
      <Filter>Header Files</Filter>
    </ClInclude>
    <ClInclude Include="VideoGenerate_v1_1.h">
      <Filter>Header Files</Filter>
    </ClInclude>
    <ClInclude Include="json.hpp">
      <Filter>Header Files</Filter>
    </ClInclude>
    <ClInclude Include="ProcessedObj.h">
      <Filter>Header Files</Filter>
    </ClInclude>
    <ClInclude Include="QtRotateRect.h">
      <Filter>Header Files</Filter>
    </ClInclude>
    <ClInclude Include="Analis.h">
      <Filter>Header Files</Filter>
    </ClInclude>
  </ItemGroup>
  <ItemGroup>
    <QtMoc Include="Form.h">
      <Filter>Header Files</Filter>
    </QtMoc>
    <QtMoc Include="QtGUIVideoGenerate.h">
      <Filter>Header Files</Filter>
    </QtMoc>
    <QtMoc Include="QtGuiDisplay.h">
      <Filter>Header Files</Filter>
    </QtMoc>
    <QtMoc Include="myLabel.h">
      <Filter>Header Files</Filter>
    </QtMoc>
    <QtMoc Include="QtProcessedArea.h">
      <Filter>Header Files</Filter>
    </QtMoc>
  </ItemGroup>
  <ItemGroup>
    <QtUic Include="Form.ui">
      <Filter>Resource Files</Filter>
    </QtUic>
    <QtUic Include="QtGUIVideoGenerate.ui">
      <Filter>Form Files</Filter>
    </QtUic>
    <QtUic Include="QtGuiDisplay.ui">
      <Filter>Resource Files</Filter>
    </QtUic>
  </ItemGroup>
</Project>